version = 1
requires-python = ">=3.12"

[[package]]
name = "demhack-safety-vision-mvp"
version = "0.1.0"
source = { editable = "." }
dependencies = [
    { name = "ruamel-yaml" },
    { name = "telethon" },
]

[package.metadata]
requires-dist = [
    { name = "ruamel-yaml", specifier = ">=0.18.6" },
    { name = "telethon", specifier = ">=1.36.0" },
]

[[package]]
name = "pyaes"
version = "1.6.1"
source = { registry = "https://pypi.org/simple" }
sdist = { url = "https://files.pythonhosted.org/packages/44/66/2c17bae31c906613795711fc78045c285048168919ace2220daa372c7d72/pyaes-1.6.1.tar.gz", hash = "sha256:02c1b1405c38d3c370b085fb952dd8bea3fadcee6411ad99f312cc129c536d8f", size = 28536 }

[[package]]
name = "pyasn1"
version = "0.6.1"
source = { registry = "https://pypi.org/simple" }
sdist = { url = "https://files.pythonhosted.org/packages/ba/e9/01f1a64245b89f039897cb0130016d79f77d52669aae6ee7b159a6c4c018/pyasn1-0.6.1.tar.gz", hash = "sha256:6f580d2bdd84365380830acf45550f2511469f673cb4a5ae3857a3170128b034", size = 145322 }
wheels = [
    { url = "https://files.pythonhosted.org/packages/c8/f1/d6a797abb14f6283c0ddff96bbdd46937f64122b8c925cab503dd37f8214/pyasn1-0.6.1-py3-none-any.whl", hash = "sha256:0d632f46f2ba09143da3a8afe9e33fb6f92fa2320ab7e886e2d0f7672af84629", size = 83135 },
]

[[package]]
name = "rsa"
version = "4.9"
source = { registry = "https://pypi.org/simple" }
dependencies = [
    { name = "pyasn1" },
]
sdist = { url = "https://files.pythonhosted.org/packages/aa/65/7d973b89c4d2351d7fb232c2e452547ddfa243e93131e7cfa766da627b52/rsa-4.9.tar.gz", hash = "sha256:e38464a49c6c85d7f1351b0126661487a7e0a14a50f1675ec50eb34d4f20ef21", size = 29711 }
wheels = [
    { url = "https://files.pythonhosted.org/packages/49/97/fa78e3d2f65c02c8e1268b9aba606569fe97f6c8f7c2d74394553347c145/rsa-4.9-py3-none-any.whl", hash = "sha256:90260d9058e514786967344d0ef75fa8727eed8a7d2e43ce9f4bcf1b536174f7", size = 34315 },
]

[[package]]
name = "ruamel-yaml"
version = "0.18.6"
source = { registry = "https://pypi.org/simple" }
dependencies = [
    { name = "ruamel-yaml-clib", marker = "python_full_version < '3.13' and platform_python_implementation == 'CPython'" },
]
sdist = { url = "https://files.pythonhosted.org/packages/29/81/4dfc17eb6ebb1aac314a3eb863c1325b907863a1b8b1382cdffcb6ac0ed9/ruamel.yaml-0.18.6.tar.gz", hash = "sha256:8b27e6a217e786c6fbe5634d8f3f11bc63e0f80f6a5890f28863d9c45aac311b", size = 143362 }
wheels = [
    { url = "https://files.pythonhosted.org/packages/73/67/8ece580cc363331d9a53055130f86b096bf16e38156e33b1d3014fffda6b/ruamel.yaml-0.18.6-py3-none-any.whl", hash = "sha256:57b53ba33def16c4f3d807c0ccbc00f8a6081827e81ba2491691b76882d0c636", size = 117761 },
]

[[package]]
name = "ruamel-yaml-clib"
version = "0.2.8"
source = { registry = "https://pypi.org/simple" }
sdist = { url = "https://files.pythonhosted.org/packages/46/ab/bab9eb1566cd16f060b54055dd39cf6a34bfa0240c53a7218c43e974295b/ruamel.yaml.clib-0.2.8.tar.gz", hash = "sha256:beb2e0404003de9a4cab9753a8805a8fe9320ee6673136ed7f04255fe60bb512", size = 213824 }
wheels = [
    { url = "https://files.pythonhosted.org/packages/7a/a2/eb5e9d088cb9d15c24d956944c09dca0a89108ad6e2e913c099ef36e3f0d/ruamel.yaml.clib-0.2.8-cp312-cp312-macosx_10_9_universal2.whl", hash = "sha256:ebc06178e8821efc9692ea7544aa5644217358490145629914d8020042c24aa1", size = 144636 },
    { url = "https://files.pythonhosted.org/packages/66/98/8de4f22bbfd9135deb3422e96d450c4bc0a57d38c25976119307d2efe0aa/ruamel.yaml.clib-0.2.8-cp312-cp312-macosx_13_0_arm64.whl", hash = "sha256:edaef1c1200c4b4cb914583150dcaa3bc30e592e907c01117c08b13a07255ec2", size = 135684 },
    { url = "https://files.pythonhosted.org/packages/30/d3/5fe978cd01a61c12efd24d65fa68c6f28f28c8073a06cf11db3a854390ca/ruamel.yaml.clib-0.2.8-cp312-cp312-manylinux_2_17_x86_64.manylinux2014_x86_64.manylinux_2_28_x86_64.whl", hash = "sha256:d176b57452ab5b7028ac47e7b3cf644bcfdc8cacfecf7e71759f7f51a59e5c92", size = 734571 },
    { url = "https://files.pythonhosted.org/packages/55/b3/e2531a050758b717c969cbf76c103b75d8a01e11af931b94ba656117fbe9/ruamel.yaml.clib-0.2.8-cp312-cp312-manylinux_2_24_aarch64.whl", hash = "sha256:1dc67314e7e1086c9fdf2680b7b6c2be1c0d8e3a8279f2e993ca2a7545fecf62", size = 643946 },
    { url = "https://files.pythonhosted.org/packages/0d/aa/06db7ca0995b513538402e11280282c615b5ae5f09eb820460d35fb69715/ruamel.yaml.clib-0.2.8-cp312-cp312-musllinux_1_1_i686.whl", hash = "sha256:3213ece08ea033eb159ac52ae052a4899b56ecc124bb80020d9bbceeb50258e9", size = 692169 },
    { url = "https://files.pythonhosted.org/packages/27/38/4cf4d482b84ecdf51efae6635cc5483a83cf5ca9d9c13e205a750e251696/ruamel.yaml.clib-0.2.8-cp312-cp312-musllinux_1_1_x86_64.whl", hash = "sha256:aab7fd643f71d7946f2ee58cc88c9b7bfc97debd71dcc93e03e2d174628e7e2d", size = 740325 },
    { url = "https://files.pythonhosted.org/packages/6f/67/c62c6eea53a4feb042727a3d6c18f50dc99683c2b199c06bd2a9e3db8e22/ruamel.yaml.clib-0.2.8-cp312-cp312-win32.whl", hash = "sha256:5c365d91c88390c8d0a8545df0b5857172824b1c604e867161e6b3d59a827eaa", size = 98639 },
    { url = "https://files.pythonhosted.org/packages/10/d2/52a3d810d0b5b3720725c0504a27b3fced7b6f310fe928f7019d79387bc1/ruamel.yaml.clib-0.2.8-cp312-cp312-win_amd64.whl", hash = "sha256:1758ce7d8e1a29d23de54a16ae867abd370f01b5a69e1a3ba75223eaa3ca1a1b", size = 115305 },
]

[[package]]
name = "telethon"
version = "1.36.0"
source = { registry = "https://pypi.org/simple" }
dependencies = [
    { name = "pyaes" },
    { name = "rsa" },
]
sdist = { url = "https://files.pythonhosted.org/packages/7c/22/30ba05af24c8209f859cecccfaa5943b7a6ed39070da515b9e6b56738b20/Telethon-1.36.0.tar.gz", hash = "sha256:11db5c7ed7e37f1272d443fb7eea0f1db580d56c6949165233946fb323aaf3a7", size = 606300 }
